{
  "lockfileVersion": 2,
  "configVersion": 1,
  "workspaces": {
    "": {
      "name": "bitty-plugins",
      "devDependencies": {
        "@commitlint/config-conventional": "21.2.2",
        "@types/bun": "1.2.0",
        "typescript": "5.7.2",
      },
    },
  },
  "packages": {
    "@commitlint/config-conventional": ["@commitlint/config-conventional@21.2.2", "", { "dependencies": { "@commitlint/types": "^21.2.0", "conventional-changelog-conventionalcommits": "^10.0.0" } }, "sha512-NxA37SZviusFUEYOQZ5hNnZ1h7O/KiemPkxjOlpzKJNnWxThiwc6/SaZhaPa8fyLvfRBAywhQhJJk8XESHWlpQ=="],

    "@commitlint/types": ["@commitlint/types@21.2.0", "", { "dependencies": { "conventional-commits-parser": "^7.0.0", "picocolors": "^1.1.1" } }, "sha512-7zVFCDB2reMvJH5dmbKnOQPjZEvjdJTH8jc0U/PIPU1r3/+vf5pD1HlfitV2MWsWXrvu7u39iY1lyLUPOaN0Gw=="],

    "@conventional-changelog/template": ["@conventional-changelog/template@1.4.0", "", {}, "sha512-aalGyl7dbB5PArRebDIX43ZvBlXrYm9uWzGJ26t+4SzJVPsOuvfILGGbw5X4yX7i50YEmJ8zvbiWnqH/AAnZqg=="],

    "@simple-libs/stream-utils": ["@simple-libs/stream-utils@2.0.0", "", {}, "sha512-fCTuZK4QBa+39Oz9l4OGfJfz+GpwCp3AqO7Zch3to99xHPgstVsRFpeQ8LNd2o1Gv8raL2mCFwiaHh7bFSp5DQ=="],

    "@types/bun": ["@types/bun@1.2.0", "", { "dependencies": { "bun-types": "1.2.0" } }, "sha512-5N1JqdahfpBlAv4wy6svEYcd/YfO2GNrbL95JOmFx8nkE6dbK4R0oSE5SpBA4vBRqgrOUAXF8Dpiz+gi7r80SA=="],

    "@types/node": ["@types/node@26.5.1", "", { "dependencies": { "undici-types": "~8.9.0" } }, "sha512-CzNm2FezW4VR/LjG6yUdiEgLE/rAQ9Slj5gCu/C2VrdcW7I0ahNZ8DRbHT7zOZ6r3ONgd/bsQIeSaoDGrd1C6g=="],

    "@types/ws": ["@types/ws@8.5.14", "", { "dependencies": { "@types/node": "*" } }, "sha512-bd/YFLW+URhBzMXurx7lWByOu+xzU9+kb3RboOteXYDfW+tr+JZa99OyNmPINEGB/ahzKrEuc8rcv4gnpJmxTw=="],

    "argue-cli": ["argue-cli@3.2.0", "", {}, "sha512-VipTB0gXgGIFO2Rg9yEVN5wLt2AurJcZqDbgmYSwPwsykhLrQhs240/bfceev4w68lI8JshoOJIk9uW7tFzROw=="],

    "bun-types": ["bun-types@1.2.0", "", { "dependencies": { "@types/node": "*", "@types/ws": "~8.5.10" } }, "sha512-KEaJxyZfbV/c4eyG0vyehDpYmBGreNiQbZIqvVHJwZ4BmeuWlNZ7EAzMN2Zcd7ailmS/tGVW0BgYbGf+lGEpWw=="],

    "conventional-changelog-conventionalcommits": ["conventional-changelog-conventionalcommits@10.4.0", "", { "dependencies": { "@conventional-changelog/template": "^1.4.0" } }, "sha512-Rriac6ZrAlVm6cy9Bz4NSp+WMHpwNXoPIYex+HjCgduAVUSbnew29DQjQw0C4g9u3HtSYzGiGY+pdBXAZo+4aA=="],

    "conventional-commits-parser": ["conventional-commits-parser@7.1.2", "", { "dependencies": { "@simple-libs/stream-utils": "^2.0.0", "argue-cli": "^3.1.0" }, "bin": { "conventional-commits-parser": "./dist/cli/index.js" } }, "sha512-O+x4N2yH+ijvqWlIyTHsXTAP+algNWgGbjY2duCe8w2vUMvUB95cLRslCPfTMQyLAKlet3bhZTdu6ozn4M+QJQ=="],

    "picocolors": ["picocolors@1.1.1", "", {}, "sha512-xceH2snhtb5M9liqDsmEw56le376mTZkEX/jEb/RxNFyegNul7eNslCXP9FDj/Lcu0X8KEyMceP2ntpaHrDEVA=="],

    "typescript": ["typescript@5.7.2", "", { "bin": { "tsc": "bin/tsc", "tsserver": "bin/tsserver" } }, "sha512-i5t66RHxDvVN40HfDd1PsEThGNnlMCMT3jMUuoh9/0TaqWevNontacunWyN02LA9/fIbEWlcHZcgTKb9QoaLfg=="],

    "undici-types": ["undici-types@8.9.0", "", {}, "sha512-KTDyRTYX8sWmKXAikPHHSyc63CRPETMctyjKFupcC6OBLXT3xsN0e9aF7m+mIXutFWpUXuedtowG7iLOzp0kQg=="],
  }
}
